
Microsoft Visual Studio Solution File, Format Version 12.00
# Visual Studio Version 16
VisualStudioVersion = 16.0.30523.141
MinimumVisualStudioVersion = 10.0.40219.1
Project("{FAE04EC0-301F-11D3-BF4B-00C04F79EFBC}") = "LearningInsitute", "LearningInsitute\LearningInsitute.csproj", "{A47447EC-45DA-4D79-887F-5DC5BC7FF686}"
EndProject
Global
	GlobalSection(SolutionConfigurationPlatforms) = preSolution
		Debug|Any CPU = Debug|Any CPU
		Release|Any CPU = Release|Any CPU
	EndGlobalSection
	GlobalSection(ProjectConfigurationPlatforms) = postSolution
		{A47447EC-45DA-4D79-887F-5DC5BC7FF686}.Debug|Any CPU.ActiveCfg = Debug|Any CPU
		{A47447EC-45DA-4D79-887F-5DC5BC7FF686}.Debug|Any CPU.Build.0 = Debug|Any CPU
		{A47447EC-45DA-4D79-887F-5DC5BC7FF686}.Release|Any CPU.ActiveCfg = Release|Any CPU
		{A47447EC-45DA-4D79-887F-5DC5BC7FF686}.Release|Any CPU.Build.0 = Release|Any CPU
	EndGlobalSection
	GlobalSection(SolutionProperties) = preSolution
		HideSolutionNode = FALSE
	EndGlobalSection
	GlobalSection(ExtensibilityGlobals) = postSolution
		SolutionGuid = {EB91BAD7-F69C-420B-9F08-7849E823C5A6}
	EndGlobalSection
EndGlobal
